{
  "name": "hermes-codex-skin-tests",
  "lockfileVersion": 3,
  "requires": true,
  "packages": {
    "": {
      "name": "hermes-codex-skin-tests",
      "devDependencies": {
        "@tanstack/query-core": "5.101.2"
      }
    },
    "node_modules/@tanstack/query-core": {
      "version": "5.101.2",
      "resolved": "https://registry.npmjs.org/@tanstack/query-core/-/query-core-5.101.2.tgz",
      "integrity": "sha512-hH5MLoJhF7KaIGd7q3xTXGXvslI+GYlM1Z/35aSHHWaCJWB7XvTSHYuV3eM7tw+aE0mT/xMro4M4Q9rCGHT0lw==",
      "dev": true,
      "license": "MIT",
      "funding": {
        "type": "github",
        "url": "https://github.com/sponsors/tannerlinsley"
      }
    }
  }
}
